
Microsoft Visual Studio Solution File, Format Version 12.00
# Visual Studio 15
VisualStudioVersion = 15.0.27130.2036
MinimumVisualStudioVersion = 10.0.40219.1
Project("{9A19103F-16F7-4668-BE54-9A1E7A4F7556}") = "FileHandler2Gui", "ImageResizeWebApp\FileHandler2Gui.csproj", "{2D9BD5DF-DC9A-4A10-B96D-CDC923D1A54A}"
EndProject
Project("{00D1A9C2-B5F0-4AF3-8072-F6C62B433612}") = "FileHandler2.Database", "FileHandler2.Database\FileHandler2.Database.sqlproj", "{6C5031D9-2991-4327-8D70-384AF1BD6AFD}"
EndProject
Project("{9A19103F-16F7-4668-BE54-9A1E7A4F7556}") = "FileHandler2.Api", "FileHandler2.Api\FileHandler2.Api.csproj", "{667AB9A9-1421-4CE7-87D4-4A772D865DBF}"
EndProject
Global
	GlobalSection(SolutionConfigurationPlatforms) = preSolution
		Debug|Any CPU = Debug|Any CPU
		Release|Any CPU = Release|Any CPU
	EndGlobalSection
	GlobalSection(ProjectConfigurationPlatforms) = postSolution
		{2D9BD5DF-DC9A-4A10-B96D-CDC923D1A54A}.Debug|Any CPU.ActiveCfg = Debug|Any CPU
		{2D9BD5DF-DC9A-4A10-B96D-CDC923D1A54A}.Debug|Any CPU.Build.0 = Debug|Any CPU
		{2D9BD5DF-DC9A-4A10-B96D-CDC923D1A54A}.Release|Any CPU.ActiveCfg = Release|Any CPU
		{2D9BD5DF-DC9A-4A10-B96D-CDC923D1A54A}.Release|Any CPU.Build.0 = Release|Any CPU
		{6C5031D9-2991-4327-8D70-384AF1BD6AFD}.Debug|Any CPU.ActiveCfg = Debug|Any CPU
		{6C5031D9-2991-4327-8D70-384AF1BD6AFD}.Debug|Any CPU.Build.0 = Debug|Any CPU
		{6C5031D9-2991-4327-8D70-384AF1BD6AFD}.Debug|Any CPU.Deploy.0 = Debug|Any CPU
		{6C5031D9-2991-4327-8D70-384AF1BD6AFD}.Release|Any CPU.ActiveCfg = Release|Any CPU
		{6C5031D9-2991-4327-8D70-384AF1BD6AFD}.Release|Any CPU.Build.0 = Release|Any CPU
		{6C5031D9-2991-4327-8D70-384AF1BD6AFD}.Release|Any CPU.Deploy.0 = Release|Any CPU
		{667AB9A9-1421-4CE7-87D4-4A772D865DBF}.Debug|Any CPU.ActiveCfg = Debug|Any CPU
		{667AB9A9-1421-4CE7-87D4-4A772D865DBF}.Debug|Any CPU.Build.0 = Debug|Any CPU
		{667AB9A9-1421-4CE7-87D4-4A772D865DBF}.Release|Any CPU.ActiveCfg = Release|Any CPU
		{667AB9A9-1421-4CE7-87D4-4A772D865DBF}.Release|Any CPU.Build.0 = Release|Any CPU
	EndGlobalSection
	GlobalSection(SolutionProperties) = preSolution
		HideSolutionNode = FALSE
	EndGlobalSection
	GlobalSection(ExtensibilityGlobals) = postSolution
		SolutionGuid = {8E222D0A-9D6B-4618-B3D8-A6ED21CCE162}
	EndGlobalSection
EndGlobal
